<Solution>
  <Folder Name="/src/">
    <Project Path="src/ChopItUp.Core/ChopItUp.Core.csproj" />
    <Project Path="src/ChopItUp.Hub/ChopItUp.Hub.csproj" />
  </Folder>
  <Folder Name="/tests/">
    <Project Path="tests/ChopItUp.Core.Tests/ChopItUp.Core.Tests.csproj" />
    <Project Path="tests/ChopItUp.Hub.Tests/ChopItUp.Hub.Tests.csproj" />
  </Folder>
</Solution>
